
Microsoft Visual Studio Solution File, Format Version 12.00
# Visual Studio Version 17
VisualStudioVersion = 17.14.36930.0 d17.14
MinimumVisualStudioVersion = 10.0.40219.1
Project("{FAE04EC0-301F-11D3-BF4B-00C04F79EFBC}") = "ShopAPI", "ShopAPI\ShopAPI.csproj", "{154C8A2E-F4A9-49D0-B845-3319E9C04489}"
EndProject
Global
	GlobalSection(SolutionConfigurationPlatforms) = preSolution
		Debug|Any CPU = Debug|Any CPU
		Release|Any CPU = Release|Any CPU
	EndGlobalSection
	GlobalSection(ProjectConfigurationPlatforms) = postSolution
		{154C8A2E-F4A9-49D0-B845-3319E9C04489}.Debug|Any CPU.ActiveCfg = Debug|Any CPU
		{154C8A2E-F4A9-49D0-B845-3319E9C04489}.Debug|Any CPU.Build.0 = Debug|Any CPU
		{154C8A2E-F4A9-49D0-B845-3319E9C04489}.Release|Any CPU.ActiveCfg = Release|Any CPU
		{154C8A2E-F4A9-49D0-B845-3319E9C04489}.Release|Any CPU.Build.0 = Release|Any CPU
	EndGlobalSection
	GlobalSection(SolutionProperties) = preSolution
		HideSolutionNode = FALSE
	EndGlobalSection
	GlobalSection(ExtensibilityGlobals) = postSolution
		SolutionGuid = {B0479CBD-9707-4A24-B675-4705F810EE8C}
	EndGlobalSection
EndGlobal
